
Microsoft Visual Studio Solution File, Format Version 12.00
# Visual Studio Version 17
VisualStudioVersion = 17.14.36414.22 d17.14
MinimumVisualStudioVersion = 10.0.40219.1
Project("{FAE04EC0-301F-11D3-BF4B-00C04F79EFBC}") = "NorthSkies", "NorthSkies\NorthSkies.csproj", "{38D19C91-A0BA-4455-A306-EBC19903B291}"
EndProject
Global
	GlobalSection(SolutionConfigurationPlatforms) = preSolution
		Debug|Any CPU = Debug|Any CPU
		Release|Any CPU = Release|Any CPU
	EndGlobalSection
	GlobalSection(ProjectConfigurationPlatforms) = postSolution
		{38D19C91-A0BA-4455-A306-EBC19903B291}.Debug|Any CPU.ActiveCfg = Debug|Any CPU
		{38D19C91-A0BA-4455-A306-EBC19903B291}.Debug|Any CPU.Build.0 = Debug|Any CPU
		{38D19C91-A0BA-4455-A306-EBC19903B291}.Release|Any CPU.ActiveCfg = Release|Any CPU
		{38D19C91-A0BA-4455-A306-EBC19903B291}.Release|Any CPU.Build.0 = Release|Any CPU
	EndGlobalSection
	GlobalSection(SolutionProperties) = preSolution
		HideSolutionNode = FALSE
	EndGlobalSection
	GlobalSection(ExtensibilityGlobals) = postSolution
		SolutionGuid = {DCDB6020-F7AC-405D-BBA4-6376F601CF51}
	EndGlobalSection
EndGlobal
